{
  "name": "signalk-ntp-server",
  "version": "1.0.2",
  "lockfileVersion": 3,
  "requires": true,
  "packages": {
    "": {
      "name": "signalk-ntp-server",
      "version": "1.0.2",
      "license": "MIT",
      "dependencies": {
        "ntp-time": "2.0.8"
      }
    },
    "node_modules/ntp-time": {
      "version": "2.0.8",
      "resolved": "https://registry.npmjs.org/ntp-time/-/ntp-time-2.0.8.tgz",
      "integrity": "sha512-WHOcu0Cd5SP89M/oFd4pW1TBO6hgUgANXqqgNiyzzNH5yMGvl8gsYgCDBjfeXsV4aF58BFHaTHq/GUBhaOrMWQ==",
      "license": "MIT"
    }
  }
}
